
Microsoft Visual Studio Solution File, Format Version 12.00
Project("{FAE04EC0-301F-11D3-BF4B-00C04F79EFBC}") = "Overflow.AppHost", "Overflow.AppHost\Overflow.AppHost.csproj", "{6FD457F2-AE34-4C39-95A8-C07CA09B67CC}"
EndProject
Project("{FAE04EC0-301F-11D3-BF4B-00C04F79EFBC}") = "Overflow.ServiceDefaults", "Overflow.ServiceDefaults\Overflow.ServiceDefaults.csproj", "{7A5EFDA9-2A11-4B6E-AC3E-0C2F00450C4A}"
EndProject
Project("{2150E333-8FDC-42A3-9474-1A3956D46DE8}") = "services", "services", "{355FA6E9-73A0-46BE-B6CA-1CFC836589B6}"
EndProject
Project("{FAE04EC0-301F-11D3-BF4B-00C04F79EFBC}") = "QuestionService", "QuestionService\QuestionService.csproj", "{BED24C50-6082-46A6-AC77-6DBF7219536C}"
EndProject
Project("{FAE04EC0-301F-11D3-BF4B-00C04F79EFBC}") = "SearchService", "SearchService\SearchService.csproj", "{B887F09F-2866-4437-8807-FE972077F97D}"
EndProject
Global
	GlobalSection(SolutionConfigurationPlatforms) = preSolution
		Debug|Any CPU = Debug|Any CPU
		Release|Any CPU = Release|Any CPU
	EndGlobalSection
	GlobalSection(ProjectConfigurationPlatforms) = postSolution
		{6FD457F2-AE34-4C39-95A8-C07CA09B67CC}.Debug|Any CPU.ActiveCfg = Debug|Any CPU
		{6FD457F2-AE34-4C39-95A8-C07CA09B67CC}.Debug|Any CPU.Build.0 = Debug|Any CPU
		{6FD457F2-AE34-4C39-95A8-C07CA09B67CC}.Release|Any CPU.ActiveCfg = Release|Any CPU
		{6FD457F2-AE34-4C39-95A8-C07CA09B67CC}.Release|Any CPU.Build.0 = Release|Any CPU
		{7A5EFDA9-2A11-4B6E-AC3E-0C2F00450C4A}.Debug|Any CPU.ActiveCfg = Debug|Any CPU
		{7A5EFDA9-2A11-4B6E-AC3E-0C2F00450C4A}.Debug|Any CPU.Build.0 = Debug|Any CPU
		{7A5EFDA9-2A11-4B6E-AC3E-0C2F00450C4A}.Release|Any CPU.ActiveCfg = Release|Any CPU
		{7A5EFDA9-2A11-4B6E-AC3E-0C2F00450C4A}.Release|Any CPU.Build.0 = Release|Any CPU
		{BED24C50-6082-46A6-AC77-6DBF7219536C}.Debug|Any CPU.ActiveCfg = Debug|Any CPU
		{BED24C50-6082-46A6-AC77-6DBF7219536C}.Debug|Any CPU.Build.0 = Debug|Any CPU
		{BED24C50-6082-46A6-AC77-6DBF7219536C}.Release|Any CPU.ActiveCfg = Release|Any CPU
		{BED24C50-6082-46A6-AC77-6DBF7219536C}.Release|Any CPU.Build.0 = Release|Any CPU
		{B887F09F-2866-4437-8807-FE972077F97D}.Debug|Any CPU.ActiveCfg = Debug|Any CPU
		{B887F09F-2866-4437-8807-FE972077F97D}.Debug|Any CPU.Build.0 = Debug|Any CPU
		{B887F09F-2866-4437-8807-FE972077F97D}.Release|Any CPU.ActiveCfg = Release|Any CPU
		{B887F09F-2866-4437-8807-FE972077F97D}.Release|Any CPU.Build.0 = Release|Any CPU
	EndGlobalSection
	GlobalSection(NestedProjects) = preSolution
		{BED24C50-6082-46A6-AC77-6DBF7219536C} = {355FA6E9-73A0-46BE-B6CA-1CFC836589B6}
		{B887F09F-2866-4437-8807-FE972077F97D} = {355FA6E9-73A0-46BE-B6CA-1CFC836589B6}
	EndGlobalSection
EndGlobal
